
Microsoft Visual Studio Solution File, Format Version 12.00
# Visual Studio Version 17
VisualStudioVersion = 17.0.32112.339
MinimumVisualStudioVersion = 10.0.40219.1
Project("{8BC9CEB8-8B4A-11D0-8D11-00A0C91BC942}") = "OpenGLRender", "OpenGLRender\OpenGLRender.vcxproj", "{ED349363-FFB4-40FA-84D6-317CB6284375}"
EndProject
Global
	GlobalSection(SolutionConfigurationPlatforms) = preSolution
		Debug|x64 = Debug|x64
		Debug|x86 = Debug|x86
		Release|x64 = Release|x64
		Release|x86 = Release|x86
	EndGlobalSection
	GlobalSection(ProjectConfigurationPlatforms) = postSolution
		{ED349363-FFB4-40FA-84D6-317CB6284375}.Debug|x64.ActiveCfg = Debug|x64
		{ED349363-FFB4-40FA-84D6-317CB6284375}.Debug|x64.Build.0 = Debug|x64
		{ED349363-FFB4-40FA-84D6-317CB6284375}.Debug|x86.ActiveCfg = Debug|Win32
		{ED349363-FFB4-40FA-84D6-317CB6284375}.Debug|x86.Build.0 = Debug|Win32
		{ED349363-FFB4-40FA-84D6-317CB6284375}.Release|x64.ActiveCfg = Release|x64
		{ED349363-FFB4-40FA-84D6-317CB6284375}.Release|x64.Build.0 = Release|x64
		{ED349363-FFB4-40FA-84D6-317CB6284375}.Release|x86.ActiveCfg = Release|Win32
		{ED349363-FFB4-40FA-84D6-317CB6284375}.Release|x86.Build.0 = Release|Win32
	EndGlobalSection
	GlobalSection(SolutionProperties) = preSolution
		HideSolutionNode = FALSE
	EndGlobalSection
	GlobalSection(ExtensibilityGlobals) = postSolution
		SolutionGuid = {0F4C1F25-E213-448F-B46B-98519E856B6F}
	EndGlobalSection
EndGlobal
